
Microsoft Visual Studio Solution File, Format Version 12.00
# Visual Studio Version 16
VisualStudioVersion = 16.0.28803.156
MinimumVisualStudioVersion = 10.0.40219.1
Project("{8BC9CEB8-8B4A-11D0-8D11-00A0C91BC942}") = "YaneuraOu", "source\YaneuraOu.vcxproj", "{28C8605A-4E8E-4F59-99B5-96F545BC7D5E}"
EndProject
Global
	GlobalSection(SolutionConfigurationPlatforms) = preSolution
		Debug-Deep-ORT-CPU|x64 = Debug-Deep-ORT-CPU|x64
		Debug-Deep-ORT-CPU|x86 = Debug-Deep-ORT-CPU|x86
		Debug-Deep-ORT-DML|x64 = Debug-Deep-ORT-DML|x64
		Debug-Deep-ORT-DML|x86 = Debug-Deep-ORT-DML|x86
		Debug-Deep-ORT-MKL|x64 = Debug-Deep-ORT-MKL|x64
		Debug-Deep-ORT-MKL|x86 = Debug-Deep-ORT-MKL|x86
		Debug-Deep-TensorRT|x64 = Debug-Deep-TensorRT|x64
		Debug-Deep-TensorRT|x86 = Debug-Deep-TensorRT|x86
		Debug-Material|x64 = Debug-Material|x64
		Debug-Material|x86 = Debug-Material|x86
		Debug-NNUE|x64 = Debug-NNUE|x64
		Debug-NNUE|x86 = Debug-NNUE|x86
		Debug-NNUE-LEARN|x64 = Debug-NNUE-LEARN|x64
		Debug-NNUE-LEARN|x86 = Debug-NNUE-LEARN|x86
		Debug-tanuki-mate|x64 = Debug-tanuki-mate|x64
		Debug-tanuki-mate|x86 = Debug-tanuki-mate|x86
		Debug-user|x64 = Debug-user|x64
		Debug-user|x86 = Debug-user|x86
		Debug-YaneuraOu-mate|x64 = Debug-YaneuraOu-mate|x64
		Debug-YaneuraOu-mate|x86 = Debug-YaneuraOu-mate|x86
		Release-Deep-ORT-CPU|x64 = Release-Deep-ORT-CPU|x64
		Release-Deep-ORT-CPU|x86 = Release-Deep-ORT-CPU|x86
		Release-Deep-ORT-DML|x64 = Release-Deep-ORT-DML|x64
		Release-Deep-ORT-DML|x86 = Release-Deep-ORT-DML|x86
		Release-Deep-ORT-MKL|x64 = Release-Deep-ORT-MKL|x64
		Release-Deep-ORT-MKL|x86 = Release-Deep-ORT-MKL|x86
		Release-Deep-TensorRT|x64 = Release-Deep-TensorRT|x64
		Release-Deep-TensorRT|x86 = Release-Deep-TensorRT|x86
		Release-KPP_KKPT|x64 = Release-KPP_KKPT|x64
		Release-KPP_KKPT|x86 = Release-KPP_KKPT|x86
		Release-KPPT|x64 = Release-KPPT|x64
		Release-KPPT|x86 = Release-KPPT|x86
		Release-Material|x64 = Release-Material|x64
		Release-Material|x86 = Release-Material|x86
		Release-NNUE|x64 = Release-NNUE|x64
		Release-NNUE|x86 = Release-NNUE|x86
		Release-NNUE-LEARN|x64 = Release-NNUE-LEARN|x64
		Release-NNUE-LEARN|x86 = Release-NNUE-LEARN|x86
		Release-NNUE-sse42|x64 = Release-NNUE-sse42|x64
		Release-NNUE-sse42|x86 = Release-NNUE-sse42|x86
		Release-tanuki-mate|x64 = Release-tanuki-mate|x64
		Release-tanuki-mate|x86 = Release-tanuki-mate|x86
		Release-user|x64 = Release-user|x64
		Release-user|x86 = Release-user|x86
		Release-user-sse42|x64 = Release-user-sse42|x64
		Release-user-sse42|x86 = Release-user-sse42|x86
		Release-YaneuraOu-mate|x64 = Release-YaneuraOu-mate|x64
		Release-YaneuraOu-mate|x86 = Release-YaneuraOu-mate|x86
	EndGlobalSection
	GlobalSection(ProjectConfigurationPlatforms) = postSolution
		{28C8605A-4E8E-4F59-99B5-96F545BC7D5E}.Debug-Deep-ORT-CPU|x64.ActiveCfg = Debug-Deep-ORT-CPU|x64
		{28C8605A-4E8E-4F59-99B5-96F545BC7D5E}.Debug-Deep-ORT-CPU|x64.Build.0 = Debug-Deep-ORT-CPU|x64
		{28C8605A-4E8E-4F59-99B5-96F545BC7D5E}.Debug-Deep-ORT-CPU|x86.ActiveCfg = Debug-Deep-ORT-CPU|x64
		{28C8605A-4E8E-4F59-99B5-96F545BC7D5E}.Debug-Deep-ORT-DML|x64.ActiveCfg = Debug-Deep-ORT-DML|x64
		{28C8605A-4E8E-4F59-99B5-96F545BC7D5E}.Debug-Deep-ORT-DML|x64.Build.0 = Debug-Deep-ORT-DML|x64
		{28C8605A-4E8E-4F59-99B5-96F545BC7D5E}.Debug-Deep-ORT-DML|x86.ActiveCfg = Debug-Deep-ORT-DML|x64
		{28C8605A-4E8E-4F59-99B5-96F545BC7D5E}.Debug-Deep-ORT-MKL|x64.ActiveCfg = Debug-Deep-ORT-MKL|x64
		{28C8605A-4E8E-4F59-99B5-96F545BC7D5E}.Debug-Deep-ORT-MKL|x64.Build.0 = Debug-Deep-ORT-MKL|x64
		{28C8605A-4E8E-4F59-99B5-96F545BC7D5E}.Debug-Deep-ORT-MKL|x86.ActiveCfg = Debug-Deep-ORT-MKL|x64
		{28C8605A-4E8E-4F59-99B5-96F545BC7D5E}.Debug-Deep-TensorRT|x64.ActiveCfg = Debug-Deep-TensorRT|x64
		{28C8605A-4E8E-4F59-99B5-96F545BC7D5E}.Debug-Deep-TensorRT|x64.Build.0 = Debug-Deep-TensorRT|x64
		{28C8605A-4E8E-4F59-99B5-96F545BC7D5E}.Debug-Deep-TensorRT|x86.ActiveCfg = Debug-Deep-TensorRT|x64
		{28C8605A-4E8E-4F59-99B5-96F545BC7D5E}.Debug-Material|x64.ActiveCfg = Debug-Material|x64
		{28C8605A-4E8E-4F59-99B5-96F545BC7D5E}.Debug-Material|x64.Build.0 = Debug-Material|x64
		{28C8605A-4E8E-4F59-99B5-96F545BC7D5E}.Debug-Material|x86.ActiveCfg = Debug-Material|x64
		{28C8605A-4E8E-4F59-99B5-96F545BC7D5E}.Debug-NNUE|x64.ActiveCfg = Debug-NNUE|x64
		{28C8605A-4E8E-4F59-99B5-96F545BC7D5E}.Debug-NNUE|x64.Build.0 = Debug-NNUE|x64
		{28C8605A-4E8E-4F59-99B5-96F545BC7D5E}.Debug-NNUE|x86.ActiveCfg = Debug-NNUE|x64
		{28C8605A-4E8E-4F59-99B5-96F545BC7D5E}.Debug-NNUE-LEARN|x64.ActiveCfg = Debug-NNUE-LEARN|x64
		{28C8605A-4E8E-4F59-99B5-96F545BC7D5E}.Debug-NNUE-LEARN|x64.Build.0 = Debug-NNUE-LEARN|x64
		{28C8605A-4E8E-4F59-99B5-96F545BC7D5E}.Debug-NNUE-LEARN|x86.ActiveCfg = Debug-NNUE-LEARN|x64
		{28C8605A-4E8E-4F59-99B5-96F545BC7D5E}.Debug-tanuki-mate|x64.ActiveCfg = Debug-tanuki-mate|x64
		{28C8605A-4E8E-4F59-99B5-96F545BC7D5E}.Debug-tanuki-mate|x64.Build.0 = Debug-tanuki-mate|x64
		{28C8605A-4E8E-4F59-99B5-96F545BC7D5E}.Debug-tanuki-mate|x86.ActiveCfg = Debug-tanuki-mate|x64
		{28C8605A-4E8E-4F59-99B5-96F545BC7D5E}.Debug-user|x64.ActiveCfg = Debug-user|x64
		{28C8605A-4E8E-4F59-99B5-96F545BC7D5E}.Debug-user|x64.Build.0 = Debug-user|x64
		{28C8605A-4E8E-4F59-99B5-96F545BC7D5E}.Debug-user|x86.ActiveCfg = Debug-user|x64
		{28C8605A-4E8E-4F59-99B5-96F545BC7D5E}.Debug-YaneuraOu-mate|x64.ActiveCfg = Debug-YaneuraOu-mate|x64
		{28C8605A-4E8E-4F59-99B5-96F545BC7D5E}.Debug-YaneuraOu-mate|x64.Build.0 = Debug-YaneuraOu-mate|x64
		{28C8605A-4E8E-4F59-99B5-96F545BC7D5E}.Debug-YaneuraOu-mate|x86.ActiveCfg = Debug-YaneuraOu-mate|x64
		{28C8605A-4E8E-4F59-99B5-96F545BC7D5E}.Release-Deep-ORT-CPU|x64.ActiveCfg = Release-Deep-ORT-CPU|x64
		{28C8605A-4E8E-4F59-99B5-96F545BC7D5E}.Release-Deep-ORT-CPU|x64.Build.0 = Release-Deep-ORT-CPU|x64
		{28C8605A-4E8E-4F59-99B5-96F545BC7D5E}.Release-Deep-ORT-CPU|x86.ActiveCfg = Release-Deep-ORT-CPU|x64
		{28C8605A-4E8E-4F59-99B5-96F545BC7D5E}.Release-Deep-ORT-DML|x64.ActiveCfg = Release-Deep-ORT-DML|x64
		{28C8605A-4E8E-4F59-99B5-96F545BC7D5E}.Release-Deep-ORT-DML|x64.Build.0 = Release-Deep-ORT-DML|x64
		{28C8605A-4E8E-4F59-99B5-96F545BC7D5E}.Release-Deep-ORT-DML|x86.ActiveCfg = Release-Deep-ORT-DML|x64
		{28C8605A-4E8E-4F59-99B5-96F545BC7D5E}.Release-Deep-ORT-MKL|x64.ActiveCfg = Release-Deep-ORT-MKL|x64
		{28C8605A-4E8E-4F59-99B5-96F545BC7D5E}.Release-Deep-ORT-MKL|x64.Build.0 = Release-Deep-ORT-MKL|x64
		{28C8605A-4E8E-4F59-99B5-96F545BC7D5E}.Release-Deep-ORT-MKL|x86.ActiveCfg = Release-Deep-ORT-MKL|x64
		{28C8605A-4E8E-4F59-99B5-96F545BC7D5E}.Release-Deep-TensorRT|x64.ActiveCfg = Release-Deep-TensorRT|x64
		{28C8605A-4E8E-4F59-99B5-96F545BC7D5E}.Release-Deep-TensorRT|x64.Build.0 = Release-Deep-TensorRT|x64
		{28C8605A-4E8E-4F59-99B5-96F545BC7D5E}.Release-Deep-TensorRT|x86.ActiveCfg = Release-Deep-TensorRT|x64
		{28C8605A-4E8E-4F59-99B5-96F545BC7D5E}.Release-KPP_KKPT|x64.ActiveCfg = Release-KPP_KKPT|x64
		{28C8605A-4E8E-4F59-99B5-96F545BC7D5E}.Release-KPP_KKPT|x64.Build.0 = Release-KPP_KKPT|x64
		{28C8605A-4E8E-4F59-99B5-96F545BC7D5E}.Release-KPP_KKPT|x86.ActiveCfg = Release-KPP_KKPT|x64
		{28C8605A-4E8E-4F59-99B5-96F545BC7D5E}.Release-KPPT|x64.ActiveCfg = Release-KPPT|x64
		{28C8605A-4E8E-4F59-99B5-96F545BC7D5E}.Release-KPPT|x64.Build.0 = Release-KPPT|x64
		{28C8605A-4E8E-4F59-99B5-96F545BC7D5E}.Release-KPPT|x86.ActiveCfg = Release-KPPT|x64
		{28C8605A-4E8E-4F59-99B5-96F545BC7D5E}.Release-Material|x64.ActiveCfg = Release-Material|x64
		{28C8605A-4E8E-4F59-99B5-96F545BC7D5E}.Release-Material|x64.Build.0 = Release-Material|x64
		{28C8605A-4E8E-4F59-99B5-96F545BC7D5E}.Release-Material|x86.ActiveCfg = Release-Material|x64
		{28C8605A-4E8E-4F59-99B5-96F545BC7D5E}.Release-NNUE|x64.ActiveCfg = Release-NNUE|x64
		{28C8605A-4E8E-4F59-99B5-96F545BC7D5E}.Release-NNUE|x64.Build.0 = Release-NNUE|x64
		{28C8605A-4E8E-4F59-99B5-96F545BC7D5E}.Release-NNUE|x86.ActiveCfg = Release-NNUE-SSE42|x64
		{28C8605A-4E8E-4F59-99B5-96F545BC7D5E}.Release-NNUE|x86.Build.0 = Release-NNUE-SSE42|x64
		{28C8605A-4E8E-4F59-99B5-96F545BC7D5E}.Release-NNUE-LEARN|x64.ActiveCfg = Release-NNUE-LEARN|x64
		{28C8605A-4E8E-4F59-99B5-96F545BC7D5E}.Release-NNUE-LEARN|x64.Build.0 = Release-NNUE-LEARN|x64
		{28C8605A-4E8E-4F59-99B5-96F545BC7D5E}.Release-NNUE-LEARN|x86.ActiveCfg = Release-NNUE-LEARN|x64
		{28C8605A-4E8E-4F59-99B5-96F545BC7D5E}.Release-NNUE-sse42|x64.ActiveCfg = Release-NNUE-sse42|x64
		{28C8605A-4E8E-4F59-99B5-96F545BC7D5E}.Release-NNUE-sse42|x64.Build.0 = Release-NNUE-sse42|x64
		{28C8605A-4E8E-4F59-99B5-96F545BC7D5E}.Release-NNUE-sse42|x86.ActiveCfg = Release-NNUE-sse42|x64
		{28C8605A-4E8E-4F59-99B5-96F545BC7D5E}.Release-NNUE-sse42|x86.Build.0 = Release-NNUE-sse42|x64
		{28C8605A-4E8E-4F59-99B5-96F545BC7D5E}.Release-tanuki-mate|x64.ActiveCfg = Release-tanuki-mate|x64
		{28C8605A-4E8E-4F59-99B5-96F545BC7D5E}.Release-tanuki-mate|x64.Build.0 = Release-tanuki-mate|x64
		{28C8605A-4E8E-4F59-99B5-96F545BC7D5E}.Release-tanuki-mate|x86.ActiveCfg = Release-tanuki-mate|x64
		{28C8605A-4E8E-4F59-99B5-96F545BC7D5E}.Release-user|x64.ActiveCfg = Release-user|x64
		{28C8605A-4E8E-4F59-99B5-96F545BC7D5E}.Release-user|x64.Build.0 = Release-user|x64
		{28C8605A-4E8E-4F59-99B5-96F545BC7D5E}.Release-user|x86.ActiveCfg = Release-user|x64
		{28C8605A-4E8E-4F59-99B5-96F545BC7D5E}.Release-user-sse42|x64.ActiveCfg = Release-user-sse42|x64
		{28C8605A-4E8E-4F59-99B5-96F545BC7D5E}.Release-user-sse42|x64.Build.0 = Release-user-sse42|x64
		{28C8605A-4E8E-4F59-99B5-96F545BC7D5E}.Release-user-sse42|x86.ActiveCfg = Release-user-sse42|x64
		{28C8605A-4E8E-4F59-99B5-96F545BC7D5E}.Release-YaneuraOu-mate|x64.ActiveCfg = Release-YaneuraOu-mate|x64
		{28C8605A-4E8E-4F59-99B5-96F545BC7D5E}.Release-YaneuraOu-mate|x64.Build.0 = Release-YaneuraOu-mate|x64
		{28C8605A-4E8E-4F59-99B5-96F545BC7D5E}.Release-YaneuraOu-mate|x86.ActiveCfg = Release-YaneuraOu-mate|x64
	EndGlobalSection
	GlobalSection(SolutionProperties) = preSolution
		HideSolutionNode = FALSE
	EndGlobalSection
	GlobalSection(ExtensibilityGlobals) = postSolution
		SolutionGuid = {3EEEE42E-3868-441B-A9DB-21CEDE7F9A02}
	EndGlobalSection
EndGlobal
