
Microsoft Visual Studio Solution File, Format Version 12.00
# Visual Studio 15
VisualStudioVersion = 15.0.26430.4
MinimumVisualStudioVersion = 10.0.40219.1
Project("{8BC9CEB8-8B4A-11D0-8D11-00A0C91BC942}") = "YaneuraOu", "source\YaneuraOu.vcxproj", "{28C8605A-4E8E-4F59-99B5-96F545BC7D5E}"
EndProject
Global
	GlobalSection(SolutionConfigurationPlatforms) = preSolution
		Debug-2017Early|x64 = Debug-2017Early|x64
		Debug-2017Early|x86 = Debug-2017Early|x86
		Debug-2017Goku|x64 = Debug-2017Goku|x64
		Debug-2017Goku|x86 = Debug-2017Goku|x86
		Release-2016Late|x64 = Release-2016Late|x64
		Release-2016Late|x86 = Release-2016Late|x86
		Release-2016Late-sse42|x64 = Release-2016Late-sse42|x64
		Release-2016Late-sse42|x86 = Release-2016Late-sse42|x86
		Release-2016Mid|x64 = Release-2016Mid|x64
		Release-2016Mid|x86 = Release-2016Mid|x86
		Release-2016Mid-sse42|x64 = Release-2016Mid-sse42|x64
		Release-2016Mid-sse42|x86 = Release-2016Mid-sse42|x86
		Release-2017Early|x64 = Release-2017Early|x64
		Release-2017Early|x86 = Release-2017Early|x86
		Release-2017Early-sse2|x64 = Release-2017Early-sse2|x64
		Release-2017Early-sse2|x86 = Release-2017Early-sse2|x86
		Release-2017Early-sse41|x64 = Release-2017Early-sse41|x64
		Release-2017Early-sse41|x86 = Release-2017Early-sse41|x86
		Release-2017Early-sse42|x64 = Release-2017Early-sse42|x64
		Release-2017Early-sse42|x86 = Release-2017Early-sse42|x86
		Release-2017Goku|x64 = Release-2017Goku|x64
		Release-2017Goku|x86 = Release-2017Goku|x86
		Release-2017Goku-sse2|x64 = Release-2017Goku-sse2|x64
		Release-2017Goku-sse2|x86 = Release-2017Goku-sse2|x86
		Release-2017Goku-sse41|x64 = Release-2017Goku-sse41|x64
		Release-2017Goku-sse41|x86 = Release-2017Goku-sse41|x86
		Release-2017Goku-sse42|x64 = Release-2017Goku-sse42|x64
		Release-2017Goku-sse42|x86 = Release-2017Goku-sse42|x86
		Release-CheckShogi|x64 = Release-CheckShogi|x64
		Release-CheckShogi|x86 = Release-CheckShogi|x86
		Release-CheckShogi-sse42|x64 = Release-CheckShogi-sse42|x64
		Release-CheckShogi-sse42|x86 = Release-CheckShogi-sse42|x86
		Release-classic|x64 = Release-classic|x64
		Release-classic|x86 = Release-classic|x86
		Release-classic-sse42|x64 = Release-classic-sse42|x64
		Release-classic-sse42|x86 = Release-classic-sse42|x86
		Release-classic-tce|x64 = Release-classic-tce|x64
		Release-classic-tce|x86 = Release-classic-tce|x86
		Release-classic-tce-sse42|x64 = Release-classic-tce-sse42|x64
		Release-classic-tce-sse42|x86 = Release-classic-tce-sse42|x86
		Release-help-mate|x64 = Release-help-mate|x64
		Release-help-mate|x86 = Release-help-mate|x86
		Release-help-mate-sse42|x64 = Release-help-mate-sse42|x64
		Release-help-mate-sse42|x86 = Release-help-mate-sse42|x86
		Release-local-server|x64 = Release-local-server|x64
		Release-local-server|x86 = Release-local-server|x86
		Release-local-server-sse42|x64 = Release-local-server-sse42|x64
		Release-local-server-sse42|x86 = Release-local-server-sse42|x86
		Release-mate|x64 = Release-mate|x64
		Release-mate|x86 = Release-mate|x86
		Release-mate-sse42|x64 = Release-mate-sse42|x64
		Release-mate-sse42|x86 = Release-mate-sse42|x86
		Release-mini|x64 = Release-mini|x64
		Release-mini|x86 = Release-mini|x86
		Release-mini-sse42|x64 = Release-mini-sse42|x64
		Release-mini-sse42|x86 = Release-mini-sse42|x86
		Release-MustCapture|x64 = Release-MustCapture|x64
		Release-MustCapture|x86 = Release-MustCapture|x86
		Release-MustCapture-sse42|x64 = Release-MustCapture-sse42|x64
		Release-MustCapture-sse42|x86 = Release-MustCapture-sse42|x86
		Release-nano|x64 = Release-nano|x64
		Release-nano|x86 = Release-nano|x86
		Release-nano-plus|x64 = Release-nano-plus|x64
		Release-nano-plus|x86 = Release-nano-plus|x86
		Release-nano-plus-sse42|x64 = Release-nano-plus-sse42|x64
		Release-nano-plus-sse42|x86 = Release-nano-plus-sse42|x86
		Release-nano-sse42|x64 = Release-nano-sse42|x64
		Release-nano-sse42|x86 = Release-nano-sse42|x86
		Release-random|x64 = Release-random|x64
		Release-random|x86 = Release-random|x86
		Release-random-sse42|x64 = Release-random-sse42|x64
		Release-random-sse42|x86 = Release-random-sse42|x86
		Release-user|x64 = Release-user|x64
		Release-user|x86 = Release-user|x86
		Release-user-sse42|x64 = Release-user-sse42|x64
		Release-user-sse42|x86 = Release-user-sse42|x86
	EndGlobalSection
	GlobalSection(ProjectConfigurationPlatforms) = postSolution
		{28C8605A-4E8E-4F59-99B5-96F545BC7D5E}.Debug-2017Early|x64.ActiveCfg = Debug-2017Early|x64
		{28C8605A-4E8E-4F59-99B5-96F545BC7D5E}.Debug-2017Early|x64.Build.0 = Debug-2017Early|x64
		{28C8605A-4E8E-4F59-99B5-96F545BC7D5E}.Debug-2017Early|x86.ActiveCfg = Debug-2017Early|Win32
		{28C8605A-4E8E-4F59-99B5-96F545BC7D5E}.Debug-2017Early|x86.Build.0 = Debug-2017Early|Win32
		{28C8605A-4E8E-4F59-99B5-96F545BC7D5E}.Debug-2017Goku|x64.ActiveCfg = Debug-2017Goku|x64
		{28C8605A-4E8E-4F59-99B5-96F545BC7D5E}.Debug-2017Goku|x64.Build.0 = Debug-2017Goku|x64
		{28C8605A-4E8E-4F59-99B5-96F545BC7D5E}.Debug-2017Goku|x86.ActiveCfg = Debug-2017Goku|Win32
		{28C8605A-4E8E-4F59-99B5-96F545BC7D5E}.Debug-2017Goku|x86.Build.0 = Debug-2017Goku|Win32
		{28C8605A-4E8E-4F59-99B5-96F545BC7D5E}.Release-2016Late|x64.ActiveCfg = Release-2016Late|x64
		{28C8605A-4E8E-4F59-99B5-96F545BC7D5E}.Release-2016Late|x64.Build.0 = Release-2016Late|x64
		{28C8605A-4E8E-4F59-99B5-96F545BC7D5E}.Release-2016Late|x86.ActiveCfg = Release-2016Late|Win32
		{28C8605A-4E8E-4F59-99B5-96F545BC7D5E}.Release-2016Late|x86.Build.0 = Release-2016Late|Win32
		{28C8605A-4E8E-4F59-99B5-96F545BC7D5E}.Release-2016Late-sse42|x64.ActiveCfg = Release-2016Late-sse42|x64
		{28C8605A-4E8E-4F59-99B5-96F545BC7D5E}.Release-2016Late-sse42|x64.Build.0 = Release-2016Late-sse42|x64
		{28C8605A-4E8E-4F59-99B5-96F545BC7D5E}.Release-2016Late-sse42|x86.ActiveCfg = Release-2016Late-sse42|x64
		{28C8605A-4E8E-4F59-99B5-96F545BC7D5E}.Release-2016Mid|x64.ActiveCfg = Release-2016Mid|x64
		{28C8605A-4E8E-4F59-99B5-96F545BC7D5E}.Release-2016Mid|x64.Build.0 = Release-2016Mid|x64
		{28C8605A-4E8E-4F59-99B5-96F545BC7D5E}.Release-2016Mid|x86.ActiveCfg = Release-2016Mid|Win32
		{28C8605A-4E8E-4F59-99B5-96F545BC7D5E}.Release-2016Mid|x86.Build.0 = Release-2016Mid|Win32
		{28C8605A-4E8E-4F59-99B5-96F545BC7D5E}.Release-2016Mid-sse42|x64.ActiveCfg = Release-2016Mid-sse42|x64
		{28C8605A-4E8E-4F59-99B5-96F545BC7D5E}.Release-2016Mid-sse42|x64.Build.0 = Release-2016Mid-sse42|x64
		{28C8605A-4E8E-4F59-99B5-96F545BC7D5E}.Release-2016Mid-sse42|x86.ActiveCfg = Release-2016Mid-sse42|x64
		{28C8605A-4E8E-4F59-99B5-96F545BC7D5E}.Release-2017Early|x64.ActiveCfg = Release-2017Early|x64
		{28C8605A-4E8E-4F59-99B5-96F545BC7D5E}.Release-2017Early|x64.Build.0 = Release-2017Early|x64
		{28C8605A-4E8E-4F59-99B5-96F545BC7D5E}.Release-2017Early|x86.ActiveCfg = Release-2017Early|Win32
		{28C8605A-4E8E-4F59-99B5-96F545BC7D5E}.Release-2017Early|x86.Build.0 = Release-2017Early|Win32
		{28C8605A-4E8E-4F59-99B5-96F545BC7D5E}.Release-2017Early-sse2|x64.ActiveCfg = Release-2017Early-sse2|x64
		{28C8605A-4E8E-4F59-99B5-96F545BC7D5E}.Release-2017Early-sse2|x64.Build.0 = Release-2017Early-sse2|x64
		{28C8605A-4E8E-4F59-99B5-96F545BC7D5E}.Release-2017Early-sse2|x86.ActiveCfg = Release-2017Early-sse2|x64
		{28C8605A-4E8E-4F59-99B5-96F545BC7D5E}.Release-2017Early-sse41|x64.ActiveCfg = Release-2017Early-sse41|x64
		{28C8605A-4E8E-4F59-99B5-96F545BC7D5E}.Release-2017Early-sse41|x64.Build.0 = Release-2017Early-sse41|x64
		{28C8605A-4E8E-4F59-99B5-96F545BC7D5E}.Release-2017Early-sse41|x86.ActiveCfg = Release-2017Early-sse41|x64
		{28C8605A-4E8E-4F59-99B5-96F545BC7D5E}.Release-2017Early-sse42|x64.ActiveCfg = Release-2017Early-sse42|x64
		{28C8605A-4E8E-4F59-99B5-96F545BC7D5E}.Release-2017Early-sse42|x64.Build.0 = Release-2017Early-sse42|x64
		{28C8605A-4E8E-4F59-99B5-96F545BC7D5E}.Release-2017Early-sse42|x86.ActiveCfg = Release-2017Early-sse42|x64
		{28C8605A-4E8E-4F59-99B5-96F545BC7D5E}.Release-2017Goku|x64.ActiveCfg = Release-2017Goku|x64
		{28C8605A-4E8E-4F59-99B5-96F545BC7D5E}.Release-2017Goku|x64.Build.0 = Release-2017Goku|x64
		{28C8605A-4E8E-4F59-99B5-96F545BC7D5E}.Release-2017Goku|x86.ActiveCfg = Release-2017Goku|Win32
		{28C8605A-4E8E-4F59-99B5-96F545BC7D5E}.Release-2017Goku|x86.Build.0 = Release-2017Goku|Win32
		{28C8605A-4E8E-4F59-99B5-96F545BC7D5E}.Release-2017Goku-sse2|x64.ActiveCfg = Release-2017Goku-sse2|x64
		{28C8605A-4E8E-4F59-99B5-96F545BC7D5E}.Release-2017Goku-sse2|x64.Build.0 = Release-2017Goku-sse2|x64
		{28C8605A-4E8E-4F59-99B5-96F545BC7D5E}.Release-2017Goku-sse2|x86.ActiveCfg = Release-2017Goku-sse2|x64
		{28C8605A-4E8E-4F59-99B5-96F545BC7D5E}.Release-2017Goku-sse41|x64.ActiveCfg = Release-2017Goku-sse41|x64
		{28C8605A-4E8E-4F59-99B5-96F545BC7D5E}.Release-2017Goku-sse41|x64.Build.0 = Release-2017Goku-sse41|x64
		{28C8605A-4E8E-4F59-99B5-96F545BC7D5E}.Release-2017Goku-sse41|x86.ActiveCfg = Release-2017Goku-sse41|x64
		{28C8605A-4E8E-4F59-99B5-96F545BC7D5E}.Release-2017Goku-sse42|x64.ActiveCfg = Release-2017Goku-sse42|x64
		{28C8605A-4E8E-4F59-99B5-96F545BC7D5E}.Release-2017Goku-sse42|x64.Build.0 = Release-2017Goku-sse42|x64
		{28C8605A-4E8E-4F59-99B5-96F545BC7D5E}.Release-2017Goku-sse42|x86.ActiveCfg = Release-2017Goku-sse42|x64
		{28C8605A-4E8E-4F59-99B5-96F545BC7D5E}.Release-CheckShogi|x64.ActiveCfg = Release-CheckShogi|x64
		{28C8605A-4E8E-4F59-99B5-96F545BC7D5E}.Release-CheckShogi|x64.Build.0 = Release-CheckShogi|x64
		{28C8605A-4E8E-4F59-99B5-96F545BC7D5E}.Release-CheckShogi|x86.ActiveCfg = Release-CheckShogi|Win32
		{28C8605A-4E8E-4F59-99B5-96F545BC7D5E}.Release-CheckShogi|x86.Build.0 = Release-CheckShogi|Win32
		{28C8605A-4E8E-4F59-99B5-96F545BC7D5E}.Release-CheckShogi-sse42|x64.ActiveCfg = Release-CheckShogi-sse42|x64
		{28C8605A-4E8E-4F59-99B5-96F545BC7D5E}.Release-CheckShogi-sse42|x64.Build.0 = Release-CheckShogi-sse42|x64
		{28C8605A-4E8E-4F59-99B5-96F545BC7D5E}.Release-CheckShogi-sse42|x86.ActiveCfg = Release-CheckShogi-sse42|x64
		{28C8605A-4E8E-4F59-99B5-96F545BC7D5E}.Release-classic|x64.ActiveCfg = Release-classic|x64
		{28C8605A-4E8E-4F59-99B5-96F545BC7D5E}.Release-classic|x64.Build.0 = Release-classic|x64
		{28C8605A-4E8E-4F59-99B5-96F545BC7D5E}.Release-classic|x86.ActiveCfg = Release-classic|Win32
		{28C8605A-4E8E-4F59-99B5-96F545BC7D5E}.Release-classic|x86.Build.0 = Release-classic|Win32
		{28C8605A-4E8E-4F59-99B5-96F545BC7D5E}.Release-classic-sse42|x64.ActiveCfg = Release-classic-sse42|x64
		{28C8605A-4E8E-4F59-99B5-96F545BC7D5E}.Release-classic-sse42|x64.Build.0 = Release-classic-sse42|x64
		{28C8605A-4E8E-4F59-99B5-96F545BC7D5E}.Release-classic-sse42|x86.ActiveCfg = Release-classic-sse42|x64
		{28C8605A-4E8E-4F59-99B5-96F545BC7D5E}.Release-classic-tce|x64.ActiveCfg = Release-classic-tce|x64
		{28C8605A-4E8E-4F59-99B5-96F545BC7D5E}.Release-classic-tce|x64.Build.0 = Release-classic-tce|x64
		{28C8605A-4E8E-4F59-99B5-96F545BC7D5E}.Release-classic-tce|x86.ActiveCfg = Release-classic-tce|Win32
		{28C8605A-4E8E-4F59-99B5-96F545BC7D5E}.Release-classic-tce|x86.Build.0 = Release-classic-tce|Win32
		{28C8605A-4E8E-4F59-99B5-96F545BC7D5E}.Release-classic-tce-sse42|x64.ActiveCfg = Release-classic-tce-sse42|x64
		{28C8605A-4E8E-4F59-99B5-96F545BC7D5E}.Release-classic-tce-sse42|x64.Build.0 = Release-classic-tce-sse42|x64
		{28C8605A-4E8E-4F59-99B5-96F545BC7D5E}.Release-classic-tce-sse42|x86.ActiveCfg = Release-classic-tce-sse42|x64
		{28C8605A-4E8E-4F59-99B5-96F545BC7D5E}.Release-help-mate|x64.ActiveCfg = Release-help-mate|x64
		{28C8605A-4E8E-4F59-99B5-96F545BC7D5E}.Release-help-mate|x64.Build.0 = Release-help-mate|x64
		{28C8605A-4E8E-4F59-99B5-96F545BC7D5E}.Release-help-mate|x86.ActiveCfg = Release-help-mate|Win32
		{28C8605A-4E8E-4F59-99B5-96F545BC7D5E}.Release-help-mate|x86.Build.0 = Release-help-mate|Win32
		{28C8605A-4E8E-4F59-99B5-96F545BC7D5E}.Release-help-mate-sse42|x64.ActiveCfg = Release-help-mate-sse42|x64
		{28C8605A-4E8E-4F59-99B5-96F545BC7D5E}.Release-help-mate-sse42|x64.Build.0 = Release-help-mate-sse42|x64
		{28C8605A-4E8E-4F59-99B5-96F545BC7D5E}.Release-help-mate-sse42|x86.ActiveCfg = Release-help-mate-sse42|x64
		{28C8605A-4E8E-4F59-99B5-96F545BC7D5E}.Release-local-server|x64.ActiveCfg = Release-local-server|x64
		{28C8605A-4E8E-4F59-99B5-96F545BC7D5E}.Release-local-server|x64.Build.0 = Release-local-server|x64
		{28C8605A-4E8E-4F59-99B5-96F545BC7D5E}.Release-local-server|x86.ActiveCfg = Release-local-server|Win32
		{28C8605A-4E8E-4F59-99B5-96F545BC7D5E}.Release-local-server|x86.Build.0 = Release-local-server|Win32
		{28C8605A-4E8E-4F59-99B5-96F545BC7D5E}.Release-local-server-sse42|x64.ActiveCfg = Release-local-server-sse42|x64
		{28C8605A-4E8E-4F59-99B5-96F545BC7D5E}.Release-local-server-sse42|x64.Build.0 = Release-local-server-sse42|x64
		{28C8605A-4E8E-4F59-99B5-96F545BC7D5E}.Release-local-server-sse42|x86.ActiveCfg = Release-local-server-sse42|x64
		{28C8605A-4E8E-4F59-99B5-96F545BC7D5E}.Release-mate|x64.ActiveCfg = Release-mate|x64
		{28C8605A-4E8E-4F59-99B5-96F545BC7D5E}.Release-mate|x64.Build.0 = Release-mate|x64
		{28C8605A-4E8E-4F59-99B5-96F545BC7D5E}.Release-mate|x86.ActiveCfg = Release-mate|Win32
		{28C8605A-4E8E-4F59-99B5-96F545BC7D5E}.Release-mate|x86.Build.0 = Release-mate|Win32
		{28C8605A-4E8E-4F59-99B5-96F545BC7D5E}.Release-mate-sse42|x64.ActiveCfg = Release-mate-sse42|x64
		{28C8605A-4E8E-4F59-99B5-96F545BC7D5E}.Release-mate-sse42|x64.Build.0 = Release-mate-sse42|x64
		{28C8605A-4E8E-4F59-99B5-96F545BC7D5E}.Release-mate-sse42|x86.ActiveCfg = Release-mate-sse42|x64
		{28C8605A-4E8E-4F59-99B5-96F545BC7D5E}.Release-mini|x64.ActiveCfg = Release-mini|x64
		{28C8605A-4E8E-4F59-99B5-96F545BC7D5E}.Release-mini|x64.Build.0 = Release-mini|x64
		{28C8605A-4E8E-4F59-99B5-96F545BC7D5E}.Release-mini|x86.ActiveCfg = Release-mini|Win32
		{28C8605A-4E8E-4F59-99B5-96F545BC7D5E}.Release-mini|x86.Build.0 = Release-mini|Win32
		{28C8605A-4E8E-4F59-99B5-96F545BC7D5E}.Release-mini-sse42|x64.ActiveCfg = Release-mini-sse42|x64
		{28C8605A-4E8E-4F59-99B5-96F545BC7D5E}.Release-mini-sse42|x64.Build.0 = Release-mini-sse42|x64
		{28C8605A-4E8E-4F59-99B5-96F545BC7D5E}.Release-mini-sse42|x86.ActiveCfg = Release-mini-sse42|x64
		{28C8605A-4E8E-4F59-99B5-96F545BC7D5E}.Release-MustCapture|x64.ActiveCfg = Release-MustCapture|x64
		{28C8605A-4E8E-4F59-99B5-96F545BC7D5E}.Release-MustCapture|x64.Build.0 = Release-MustCapture|x64
		{28C8605A-4E8E-4F59-99B5-96F545BC7D5E}.Release-MustCapture|x86.ActiveCfg = Release-MustCapture|Win32
		{28C8605A-4E8E-4F59-99B5-96F545BC7D5E}.Release-MustCapture|x86.Build.0 = Release-MustCapture|Win32
		{28C8605A-4E8E-4F59-99B5-96F545BC7D5E}.Release-MustCapture-sse42|x64.ActiveCfg = Release-MustCapture-sse42|x64
		{28C8605A-4E8E-4F59-99B5-96F545BC7D5E}.Release-MustCapture-sse42|x64.Build.0 = Release-MustCapture-sse42|x64
		{28C8605A-4E8E-4F59-99B5-96F545BC7D5E}.Release-MustCapture-sse42|x86.ActiveCfg = Release-MustCapture-sse42|x64
		{28C8605A-4E8E-4F59-99B5-96F545BC7D5E}.Release-nano|x64.ActiveCfg = Release-nano|x64
		{28C8605A-4E8E-4F59-99B5-96F545BC7D5E}.Release-nano|x64.Build.0 = Release-nano|x64
		{28C8605A-4E8E-4F59-99B5-96F545BC7D5E}.Release-nano|x86.ActiveCfg = Release-nano|Win32
		{28C8605A-4E8E-4F59-99B5-96F545BC7D5E}.Release-nano|x86.Build.0 = Release-nano|Win32
		{28C8605A-4E8E-4F59-99B5-96F545BC7D5E}.Release-nano-plus|x64.ActiveCfg = Release-nano-plus|x64
		{28C8605A-4E8E-4F59-99B5-96F545BC7D5E}.Release-nano-plus|x64.Build.0 = Release-nano-plus|x64
		{28C8605A-4E8E-4F59-99B5-96F545BC7D5E}.Release-nano-plus|x86.ActiveCfg = Release-nano-plus|Win32
		{28C8605A-4E8E-4F59-99B5-96F545BC7D5E}.Release-nano-plus|x86.Build.0 = Release-nano-plus|Win32
		{28C8605A-4E8E-4F59-99B5-96F545BC7D5E}.Release-nano-plus-sse42|x64.ActiveCfg = Release-nano-plus-sse42|x64
		{28C8605A-4E8E-4F59-99B5-96F545BC7D5E}.Release-nano-plus-sse42|x64.Build.0 = Release-nano-plus-sse42|x64
		{28C8605A-4E8E-4F59-99B5-96F545BC7D5E}.Release-nano-plus-sse42|x86.ActiveCfg = Release-nano-plus-sse42|x64
		{28C8605A-4E8E-4F59-99B5-96F545BC7D5E}.Release-nano-sse42|x64.ActiveCfg = Release-nano-sse42|x64
		{28C8605A-4E8E-4F59-99B5-96F545BC7D5E}.Release-nano-sse42|x64.Build.0 = Release-nano-sse42|x64
		{28C8605A-4E8E-4F59-99B5-96F545BC7D5E}.Release-nano-sse42|x86.ActiveCfg = Release-nano-sse42|x64
		{28C8605A-4E8E-4F59-99B5-96F545BC7D5E}.Release-random|x64.ActiveCfg = Release-random|x64
		{28C8605A-4E8E-4F59-99B5-96F545BC7D5E}.Release-random|x64.Build.0 = Release-random|x64
		{28C8605A-4E8E-4F59-99B5-96F545BC7D5E}.Release-random|x86.ActiveCfg = Release-random|Win32
		{28C8605A-4E8E-4F59-99B5-96F545BC7D5E}.Release-random|x86.Build.0 = Release-random|Win32
		{28C8605A-4E8E-4F59-99B5-96F545BC7D5E}.Release-random-sse42|x64.ActiveCfg = Release-random-sse42|x64
		{28C8605A-4E8E-4F59-99B5-96F545BC7D5E}.Release-random-sse42|x64.Build.0 = Release-random-sse42|x64
		{28C8605A-4E8E-4F59-99B5-96F545BC7D5E}.Release-random-sse42|x86.ActiveCfg = Release-random-sse42|x64
		{28C8605A-4E8E-4F59-99B5-96F545BC7D5E}.Release-user|x64.ActiveCfg = Release-user|x64
		{28C8605A-4E8E-4F59-99B5-96F545BC7D5E}.Release-user|x64.Build.0 = Release-user|x64
		{28C8605A-4E8E-4F59-99B5-96F545BC7D5E}.Release-user|x86.ActiveCfg = Release-user|Win32
		{28C8605A-4E8E-4F59-99B5-96F545BC7D5E}.Release-user|x86.Build.0 = Release-user|Win32
		{28C8605A-4E8E-4F59-99B5-96F545BC7D5E}.Release-user-sse42|x64.ActiveCfg = Release-user-sse42|x64
		{28C8605A-4E8E-4F59-99B5-96F545BC7D5E}.Release-user-sse42|x64.Build.0 = Release-user-sse42|x64
		{28C8605A-4E8E-4F59-99B5-96F545BC7D5E}.Release-user-sse42|x86.ActiveCfg = Release-user-sse42|x64
	EndGlobalSection
	GlobalSection(SolutionProperties) = preSolution
		HideSolutionNode = FALSE
	EndGlobalSection
EndGlobal
