<?xml version="1.0" encoding="utf-8"?>
<Project ToolsVersion="4.0" xmlns="http://schemas.microsoft.com/developer/msbuild/2003">
  <ItemGroup>
    <Filter Include="リソース ファイル">
      <UniqueIdentifier>{67DA6AB6-F800-4c08-8B7A-83BB121AAD01}</UniqueIdentifier>
      <Extensions>rc;ico;cur;bmp;dlg;rc2;rct;bin;rgs;gif;jpg;jpeg;jpe;resx;tiff;tif;png;wav;mfcribbon-ms</Extensions>
    </Filter>
    <Filter Include="リソース ファイル\extra">
      <UniqueIdentifier>{bfdca085-939e-4c22-831c-b8eab41b4440}</UniqueIdentifier>
    </Filter>
    <Filter Include="リソース ファイル\user-engine">
      <UniqueIdentifier>{2c2311db-d47b-44d5-8fbf-7783e7a608a8}</UniqueIdentifier>
    </Filter>
    <Filter Include="リソース ファイル\nano-engine">
      <UniqueIdentifier>{f1794beb-1b65-446b-94db-2cb961e68790}</UniqueIdentifier>
    </Filter>
    <Filter Include="リソース ファイル\classic-engine">
      <UniqueIdentifier>{6a45153e-f034-489a-b47b-7079878d0daa}</UniqueIdentifier>
    </Filter>
    <Filter Include="リソース ファイル\mini-engine">
      <UniqueIdentifier>{3ca3b263-73a3-4ba3-8eff-255515ceb6d9}</UniqueIdentifier>
    </Filter>
    <Filter Include="リソース ファイル\help-mate-engine">
      <UniqueIdentifier>{ebbeb323-9a42-44ea-92dd-6149fc280fd7}</UniqueIdentifier>
    </Filter>
    <Filter Include="リソース ファイル\doc">
      <UniqueIdentifier>{8bb34244-8e89-49f6-a303-c043ef5d8647}</UniqueIdentifier>
    </Filter>
  </ItemGroup>
  <ItemGroup>
    <ClInclude Include="evaluate.h">
      <Filter>リソース ファイル</Filter>
    </ClInclude>
    <ClInclude Include="bitboard.h">
      <Filter>リソース ファイル</Filter>
    </ClInclude>
    <ClInclude Include="position.h">
      <Filter>リソース ファイル</Filter>
    </ClInclude>
    <ClInclude Include="shogi.h">
      <Filter>リソース ファイル</Filter>
    </ClInclude>
    <ClInclude Include="search.h">
      <Filter>リソース ファイル</Filter>
    </ClInclude>
    <ClInclude Include="thread.h">
      <Filter>リソース ファイル</Filter>
    </ClInclude>
    <ClInclude Include="misc.h">
      <Filter>リソース ファイル</Filter>
    </ClInclude>
    <ClInclude Include="extra\all.h">
      <Filter>リソース ファイル\extra</Filter>
    </ClInclude>
    <ClInclude Include="extra\key128.h">
      <Filter>リソース ファイル\extra</Filter>
    </ClInclude>
    <ClInclude Include="extra\mate1ply.h">
      <Filter>リソース ファイル\extra</Filter>
    </ClInclude>
    <ClInclude Include="extra\bitop.h">
      <Filter>リソース ファイル\extra</Filter>
    </ClInclude>
    <ClInclude Include="extra\config.h">
      <Filter>リソース ファイル\extra</Filter>
    </ClInclude>
    <ClInclude Include="extra\long_effect.h">
      <Filter>リソース ファイル\extra</Filter>
    </ClInclude>
    <ClInclude Include="tt.h">
      <Filter>リソース ファイル</Filter>
    </ClInclude>
    <ClInclude Include="help-mate-engine\help_mate_engine.h">
      <Filter>リソース ファイル\help-mate-engine</Filter>
    </ClInclude>
  </ItemGroup>
  <ItemGroup>
    <ClCompile Include="movegen.cpp">
      <Filter>リソース ファイル</Filter>
    </ClCompile>
    <ClCompile Include="bitboard.cpp">
      <Filter>リソース ファイル</Filter>
    </ClCompile>
    <ClCompile Include="shogi.cpp">
      <Filter>リソース ファイル</Filter>
    </ClCompile>
    <ClCompile Include="position.cpp">
      <Filter>リソース ファイル</Filter>
    </ClCompile>
    <ClCompile Include="evaluate.cpp">
      <Filter>リソース ファイル</Filter>
    </ClCompile>
    <ClCompile Include="usi.cpp">
      <Filter>リソース ファイル</Filter>
    </ClCompile>
    <ClCompile Include="thread.cpp">
      <Filter>リソース ファイル</Filter>
    </ClCompile>
    <ClCompile Include="misc.cpp">
      <Filter>リソース ファイル</Filter>
    </ClCompile>
    <ClCompile Include="extra\test_cmd.cpp">
      <Filter>リソース ファイル\extra</Filter>
    </ClCompile>
    <ClCompile Include="extra\mate1ply.cpp">
      <Filter>リソース ファイル\extra</Filter>
    </ClCompile>
    <ClCompile Include="extra\long_effect.cpp">
      <Filter>リソース ファイル\extra</Filter>
    </ClCompile>
    <ClCompile Include="tt.cpp">
      <Filter>リソース ファイル</Filter>
    </ClCompile>
    <ClCompile Include="classic-engine\classic_search.cpp">
      <Filter>リソース ファイル\classic-engine</Filter>
    </ClCompile>
    <ClCompile Include="mini-engine\mini_search.cpp">
      <Filter>リソース ファイル\mini-engine</Filter>
    </ClCompile>
    <ClCompile Include="nano-engine\nano_search.cpp">
      <Filter>リソース ファイル\nano-engine</Filter>
    </ClCompile>
    <ClCompile Include="user-engine\user.cpp">
      <Filter>リソース ファイル\user-engine</Filter>
    </ClCompile>
    <ClCompile Include="help-mate-engine\help_engine.cpp">
      <Filter>リソース ファイル\help-mate-engine</Filter>
    </ClCompile>
  </ItemGroup>
  <ItemGroup>
    <Text Include="..\docs\USI拡張コマンド.txt">
      <Filter>リソース ファイル\doc</Filter>
    </Text>
    <Text Include="..\docs\YaneuraOuMini_ja.txt">
      <Filter>リソース ファイル\doc</Filter>
    </Text>
    <Text Include="..\docs\更新履歴.txt">
      <Filter>リソース ファイル\doc</Filter>
    </Text>
    <Text Include="..\docs\解説.txt">
      <Filter>リソース ファイル\doc</Filter>
    </Text>
  </ItemGroup>
  <ItemGroup>
    <None Include="..\README.md">
      <Filter>リソース ファイル\doc</Filter>
    </None>
  </ItemGroup>
</Project>